
Microsoft Visual Studio Solution File, Format Version 12.00
# Visual Studio Version 17
VisualStudioVersion = 17.0.32126.317
MinimumVisualStudioVersion = 10.0.40219.1
Project("{9A19103F-16F7-4668-BE54-9A1E7A4F7556}") = "GameOfThronesAPI", "GameOfThronesAPI.csproj", "{C6F37659-A165-4AB4-8321-E7123E2AF0DA}"
EndProject
Global
	GlobalSection(SolutionConfigurationPlatforms) = preSolution
		Debug|Any CPU = Debug|Any CPU
		Release|Any CPU = Release|Any CPU
	EndGlobalSection
	GlobalSection(ProjectConfigurationPlatforms) = postSolution
		{C6F37659-A165-4AB4-8321-E7123E2AF0DA}.Debug|Any CPU.ActiveCfg = Debug|Any CPU
		{C6F37659-A165-4AB4-8321-E7123E2AF0DA}.Debug|Any CPU.Build.0 = Debug|Any CPU
		{C6F37659-A165-4AB4-8321-E7123E2AF0DA}.Release|Any CPU.ActiveCfg = Release|Any CPU
		{C6F37659-A165-4AB4-8321-E7123E2AF0DA}.Release|Any CPU.Build.0 = Release|Any CPU
	EndGlobalSection
	GlobalSection(SolutionProperties) = preSolution
		HideSolutionNode = FALSE
	EndGlobalSection
	GlobalSection(ExtensibilityGlobals) = postSolution
		SolutionGuid = {81EFE6CA-4E12-4547-9731-A7D7B86F6D32}
	EndGlobalSection
EndGlobal
